
Microsoft Visual Studio Solution File, Format Version 12.00
# Visual Studio Version 17
VisualStudioVersion = 17.8.34525.116
MinimumVisualStudioVersion = 10.0.40219.1
Project("{FAE04EC0-301F-11D3-BF4B-00C04F79EFBC}") = "SignalRAssignment", "SignalRAssignment\SignalRAssignment.csproj", "{5C3ED0AB-8D1A-460B-A4FF-6B0BB1845DF4}"
EndProject
Project("{FAE04EC0-301F-11D3-BF4B-00C04F79EFBC}") = "Repository", "Repository\Repository.csproj", "{D040C8E6-8367-46AE-8B90-DB2E8B1EC1E2}"
EndProject
Global
	GlobalSection(SolutionConfigurationPlatforms) = preSolution
		Debug|Any CPU = Debug|Any CPU
		Release|Any CPU = Release|Any CPU
	EndGlobalSection
	GlobalSection(ProjectConfigurationPlatforms) = postSolution
		{5C3ED0AB-8D1A-460B-A4FF-6B0BB1845DF4}.Debug|Any CPU.ActiveCfg = Debug|Any CPU
		{5C3ED0AB-8D1A-460B-A4FF-6B0BB1845DF4}.Debug|Any CPU.Build.0 = Debug|Any CPU
		{5C3ED0AB-8D1A-460B-A4FF-6B0BB1845DF4}.Release|Any CPU.ActiveCfg = Release|Any CPU
		{5C3ED0AB-8D1A-460B-A4FF-6B0BB1845DF4}.Release|Any CPU.Build.0 = Release|Any CPU
		{D040C8E6-8367-46AE-8B90-DB2E8B1EC1E2}.Debug|Any CPU.ActiveCfg = Debug|Any CPU
		{D040C8E6-8367-46AE-8B90-DB2E8B1EC1E2}.Debug|Any CPU.Build.0 = Debug|Any CPU
		{D040C8E6-8367-46AE-8B90-DB2E8B1EC1E2}.Release|Any CPU.ActiveCfg = Release|Any CPU
		{D040C8E6-8367-46AE-8B90-DB2E8B1EC1E2}.Release|Any CPU.Build.0 = Release|Any CPU
	EndGlobalSection
	GlobalSection(SolutionProperties) = preSolution
		HideSolutionNode = FALSE
	EndGlobalSection
	GlobalSection(ExtensibilityGlobals) = postSolution
		SolutionGuid = {A8C0A41B-F50E-41A5-8495-9E8F0CFCFDEF}
	EndGlobalSection
EndGlobal
